// !$*UTF8*$!
{
	archiveVersion = 1;
	classes = {
	};
	objectVersion = 46;
	objects = {

/* Begin PBXBuildFile section */
		FAB488481CBDA14B000A0011 /* AppDelegate.swift in Sources */ = {isa = PBXBuildFile; fileRef = FAB488471CBDA14B000A0011 /* AppDelegate.swift */; };
		FAB4884A1CBDA14B000A0011 /* ViewController.swift in Sources */ = {isa = PBXBuildFile; fileRef = FAB488491CBDA14B000A0011 /* ViewController.swift */; };
		FAB4884D1CBDA14B000A0011 /* Main.storyboard in Resources */ = {isa = PBXBuildFile; fileRef = FAB4884B1CBDA14B000A0011 /* Main.storyboard */; };
		FAB488501CBDA14B000A0011 /* Core_Data.xcdatamodeld in Sources */ = {isa = PBXBuildFile; fileRef = FAB4884E1CBDA14B000A0011 /* Core_Data.xcdatamodeld */; };
		FAB488521CBDA14B000A0011 /* Assets.xcassets in Resources */ = {isa = PBXBuildFile; fileRef = FAB488511CBDA14B000A0011 /* Assets.xcassets */; };
		FAB488551CBDA14B000A0011 /* LaunchScreen.storyboard in Resources */ = {isa = PBXBuildFile; fileRef = FAB488531CBDA14B000A0011 /* LaunchScreen.storyboard */; };
/* End PBXBuildFile section */

/* Begin PBXFileReference section */
		FAB488441CBDA14A000A0011 /* Core Data.app */ = {isa = PBXFileReference; explicitFileType = wrapper.application; includeInIndex = 0; path = "Core Data.app"; sourceTree = BUILT_PRODUCTS_DIR; };
		FAB488471CBDA14B000A0011 /* AppDelegate.swift */ = {isa = PBXFileReference; lastKnownFileType = sourcecode.swift; path = AppDelegate.swift; sourceTree = "<group>"; };
		FAB488491CBDA14B000A0011 /* ViewController.swift */ = {isa = PBXFileReference; lastKnownFileType = sourcecode.swift; path = ViewController.swift; sourceTree = "<group>"; };
		FAB4884C1CBDA14B000A0011 /* Base */ = {isa = PBXFileReference; lastKnownFileType = file.storyboard; name = Base; path = Base.lproj/Main.storyboard; sourceTree = "<group>"; };
		FAB4884F1CBDA14B000A0011 /* Core_Data.xcdatamodel */ = {isa = PBXFileReference; lastKnownFileType = wrapper.xcdatamodel; path = Core_Data.xcdatamodel; sourceTree = "<group>"; };
		FAB488511CBDA14B000A0011 /* Assets.xcassets */ = {isa = PBXFileReference; lastKnownFileType = folder.assetcatalog; path = Assets.xcassets; sourceTree = "<group>"; };
		FAB488541CBDA14B000A0011 /* Base */ = {isa = PBXFileReference; lastKnownFileType = file.storyboard; name = Base; path = Base.lproj/LaunchScreen.storyboard; sourceTree = "<group>"; };
		FAB488561CBDA14B000A0011 /* Info.plist */ = {isa = PBXFileReference; lastKnownFileType = text.plist.xml; path = Info.plist; sourceTree = "<group>"; };
/* End PBXFileReference section */

/* Begin PBXFrameworksBuildPhase section */
		FAB488411CBDA14A000A0011 /* Frameworks */ = {
			isa = PBXFrameworksBuildPhase;
			buildActionMask = 2147483647;
			files = (
			);
			runOnlyForDeploymentPostprocessing = 0;
		};
/* End PBXFrameworksBuildPhase section */

/* Begin PBXGroup section */
		FAB4883B1CBDA14A000A0011 = {
			isa = PBXGroup;
			children = (
				FAB488461CBDA14A000A0011 /* Core Data */,
				FAB488451CBDA14A000A0011 /* Products */,
			);
			sourceTree = "<group>";
		};
		FAB488451CBDA14A000A0011 /* Products */ = {
			isa = PBXGroup;
			children = (
				FAB488441CBDA14A000A0011 /* Core Data.app */,
			);
			name = Products;
			sourceTree = "<group>";
		};
		FAB488461CBDA14A000A0011 /* Core Data */ = {
			isa = PBXGroup;
			children = (
				FAB488471CBDA14B000A0011 /* AppDelegate.swift */,
				FAB488491CBDA14B000A0011 /* ViewController.swift */,
				FAB4884B1CBDA14B000A0011 /* Main.storyboard */,
				FAB488511CBDA14B000A0011 /* Assets.xcassets */,
				FAB488531CBDA14B000A0011 /* LaunchScreen.storyboard */,
				FAB488561CBDA14B000A0011 /* Info.plist */,
				FAB4884E1CBDA14B000A0011 /* Core_Data.xcdatamodeld */,
			);
			path = "Core Data";
			sourceTree = "<group>";
		};
/* End PBXGroup section */

/* Begin PBXNativeTarget section */
		FAB488431CBDA14A000A0011 /* Core Data */ = {
			isa = PBXNativeTarget;
			buildConfigurationList = FAB488591CBDA14B000A0011 /* Build configuration list for PBXNativeTarget "Core Data" */;
			buildPhases = (
				FAB488401CBDA14A000A0011 /* Sources */,
				FAB488411CBDA14A000A0011 /* Frameworks */,
				FAB488421CBDA14A000A0011 /* Resources */,
			);
			buildRules = (
			);
			dependencies = (
			);
			name = "Core Data";
			productName = "Core Data";
			productReference = FAB488441CBDA14A000A0011 /* Core Data.app */;
			productType = "com.apple.product-type.application";
		};
/* End PBXNativeTarget section */

/* Begin PBXProject section */
		FAB4883C1CBDA14A000A0011 /* Project object */ = {
			isa = PBXProject;
			attributes = {
				LastSwiftUpdateCheck = 0730;
				LastUpgradeCheck = 0730;
				ORGANIZATIONNAME = "Jared Allen";
				TargetAttributes = {
					FAB488431CBDA14A000A0011 = {
						CreatedOnToolsVersion = 7.3;
						DevelopmentTeam = 8W8VUK9UZ3;
					};
				};
			};
			buildConfigurationList = FAB4883F1CBDA14A000A0011 /* Build configuration list for PBXProject "Core Data" */;
			compatibilityVersion = "Xcode 3.2";
			developmentRegion = English;
			hasScannedForEncodings = 0;
			knownRegions = (
				en,
				Base,
			);
			mainGroup = FAB4883B1CBDA14A000A0011;
			productRefGroup = FAB488451CBDA14A000A0011 /* Products */;
			projectDirPath = "";
			projectRoot = "";
			targets = (
				FAB488431CBDA14A000A0011 /* Core Data */,
			);
		};
/* End PBXProject section */

/* Begin PBXResourcesBuildPhase section */
		FAB488421CBDA14A000A0011 /* Resources */ = {
			isa = PBXResourcesBuildPhase;
			buildActionMask = 2147483647;
			files = (
				FAB488551CBDA14B000A0011 /* LaunchScreen.storyboard in Resources */,
				FAB488521CBDA14B000A0011 /* Assets.xcassets in Resources */,
				FAB4884D1CBDA14B000A0011 /* Main.storyboard in Resources */,
			);
			runOnlyForDeploymentPostprocessing = 0;
		};
/* End PBXResourcesBuildPhase section */

/* Begin PBXSourcesBuildPhase section */
		FAB488401CBDA14A000A0011 /* Sources */ = {
			isa = PBXSourcesBuildPhase;
			buildActionMask = 2147483647;
			files = (
				FAB4884A1CBDA14B000A0011 /* ViewController.swift in Sources */,
				FAB488481CBDA14B000A0011 /* AppDelegate.swift in Sources */,
				FAB488501CBDA14B000A0011 /* Core_Data.xcdatamodeld in Sources */,
			);
			runOnlyForDeploymentPostprocessing = 0;
		};
/* End PBXSourcesBuildPhase section */

/* Begin PBXVariantGroup section */
		FAB4884B1CBDA14B000A0011 /* Main.storyboard */ = {
			isa = PBXVariantGroup;
			children = (
				FAB4884C1CBDA14B000A0011 /* Base */,
			);
			name = Main.storyboard;
			sourceTree = "<group>";
		};
		FAB488531CBDA14B000A0011 /* LaunchScreen.storyboard */ = {
			isa = PBXVariantGroup;
			children = (
				FAB488541CBDA14B000A0011 /* Base */,
			);
			name = LaunchScreen.storyboard;
			sourceTree = "<group>";
		};
/* End PBXVariantGroup section */

/* Begin XCBuildConfiguration section */
		FAB488571CBDA14B000A0011 /* Debug */ = {
			isa = XCBuildConfiguration;
			buildSettings = {
				ALWAYS_SEARCH_USER_PATHS = NO;
				CLANG_ANALYZER_NONNULL = YES;
				CLANG_CXX_LANGUAGE_STANDARD = "gnu++0x";
				CLANG_CXX_LIBRARY = "libc++";
				CLANG_ENABLE_MODULES = YES;
				CLANG_ENABLE_OBJC_ARC = YES;
				CLANG_WARN_BOOL_CONVERSION = YES;
				CLANG_WARN_CONSTANT_CONVERSION = YES;
				CLANG_WARN_DIRECT_OBJC_ISA_USAGE = YES_ERROR;
				CLANG_WARN_EMPTY_BODY = YES;
				CLANG_WARN_ENUM_CONVERSION = YES;
				CLANG_WARN_INT_CONVERSION = YES;
				CLANG_WARN_OBJC_ROOT_CLASS = YES_ERROR;
				CLANG_WARN_UNREACHABLE_CODE = YES;
				CLANG_WARN__DUPLICATE_METHOD_MATCH = YES;
				"CODE_SIGN_IDENTITY[sdk=iphoneos*]" = "iPhone Developer";
				COPY_PHASE_STRIP = NO;
				DEBUG_INFORMATION_FORMAT = dwarf;
				ENABLE_STRICT_OBJC_MSGSEND = YES;
				ENABLE_TESTABILITY = YES;
				GCC_C_LANGUAGE_STANDARD = gnu99;
				GCC_DYNAMIC_NO_PIC = NO;
				GCC_NO_COMMON_BLOCKS = YES;
				GCC_OPTIMIZATION_LEVEL = 0;
				GCC_PREPROCESSOR_DEFINITIONS = (
					"DEBUG=1",
					"$(inherited)",
				);
				GCC_WARN_64_TO_32_BIT_CONVERSION = YES;
				GCC_WARN_ABOUT_RETURN_TYPE = YES_ERROR;
				GCC_WARN_UNDECLARED_SELECTOR = YES;
				GCC_WARN_UNINITIALIZED_AUTOS = YES_AGGRESSIVE;
				GCC_WARN_UNUSED_FUNCTION = YES;
				GCC_WARN_UNUSED_VARIABLE = YES;
				IPHONEOS_DEPLOYMENT_TARGET = 9.3;
				MTL_ENABLE_DEBUG_INFO = YES;
				ONLY_ACTIVE_ARCH = YES;
				SDKROOT = iphoneos;
				SWIFT_OPTIMIZATION_LEVEL = "-Onone";
			};
			name = Debug;
		};
		FAB488581CBDA14B000A0011 /* Release */ = {
			isa = XCBuildConfiguration;
			buildSettings = {
				ALWAYS_SEARCH_USER_PATHS = NO;
				CLANG_ANALYZER_NONNULL = YES;
				CLANG_CXX_LANGUAGE_STANDARD = "gnu++0x";
				CLANG_CXX_LIBRARY = "libc++";
				CLANG_ENABLE_MODULES = YES;
				CLANG_ENABLE_OBJC_ARC = YES;
				CLANG_WARN_BOOL_CONVERSION = YES;
				CLANG_WARN_CONSTANT_CONVERSION = YES;
				CLANG_WARN_DIRECT_OBJC_ISA_USAGE = YES_ERROR;
				CLANG_WARN_EMPTY_BODY = YES;
				CLANG_WARN_ENUM_CONVERSION = YES;
				CLANG_WARN_INT_CONVERSION = YES;
				CLANG_WARN_OBJC_ROOT_CLASS = YES_ERROR;
				CLANG_WARN_UNREACHABLE_CODE = YES;
				CLANG_WARN__DUPLICATE_METHOD_MATCH = YES;
				"CODE_SIGN_IDENTITY[sdk=iphoneos*]" = "iPhone Developer";
				COPY_PHASE_STRIP = NO;
				DEBUG_INFORMATION_FORMAT = "dwarf-with-dsym";
				ENABLE_NS_ASSERTIONS = NO;
				ENABLE_STRICT_OBJC_MSGSEND = YES;
				GCC_C_LANGUAGE_STANDARD = gnu99;
				GCC_NO_COMMON_BLOCKS = YES;
				GCC_WARN_64_TO_32_BIT_CONVERSION = YES;
				GCC_WARN_ABOUT_RETURN_TYPE = YES_ERROR;
				GCC_WARN_UNDECLARED_SELECTOR = YES;
				GCC_WARN_UNINITIALIZED_AUTOS = YES_AGGRESSIVE;
				GCC_WARN_UNUSED_FUNCTION = YES;
				GCC_WARN_UNUSED_VARIABLE = YES;
				IPHONEOS_DEPLOYMENT_TARGET = 9.3;
				MTL_ENABLE_DEBUG_INFO = NO;
				SDKROOT = iphoneos;
				VALIDATE_PRODUCT = YES;
			};
			name = Release;
		};
		FAB4885A1CBDA14B000A0011 /* Debug */ = {
			isa = XCBuildConfiguration;
			buildSettings = {
				ASSETCATALOG_COMPILER_APPICON_NAME = AppIcon;
				INFOPLIST_FILE = "Core Data/Info.plist";
				LD_RUNPATH_SEARCH_PATHS = "$(inherited) @executable_path/Frameworks";
				PRODUCT_BUNDLE_IDENTIFIER = "com.jaredallen.Core-Data";
				PRODUCT_NAME = "$(TARGET_NAME)";
			};
			name = Debug;
		};
		FAB4885B1CBDA14B000A0011 /* Release */ = {
			isa = XCBuildConfiguration;
			buildSettings = {
				ASSETCATALOG_COMPILER_APPICON_NAME = AppIcon;
				INFOPLIST_FILE = "Core Data/Info.plist";
				LD_RUNPATH_SEARCH_PATHS = "$(inherited) @executable_path/Frameworks";
				PRODUCT_BUNDLE_IDENTIFIER = "com.jaredallen.Core-Data";
				PRODUCT_NAME = "$(TARGET_NAME)";
			};
			name = Release;
		};
/* End XCBuildConfiguration section */

/* Begin XCConfigurationList section */
		FAB4883F1CBDA14A000A0011 /* Build configuration list for PBXProject "Core Data" */ = {
			isa = XCConfigurationList;
			buildConfigurations = (
				FAB488571CBDA14B000A0011 /* Debug */,
				FAB488581CBDA14B000A0011 /* Release */,
			);
			defaultConfigurationIsVisible = 0;
			defaultConfigurationName = Release;
		};
		FAB488591CBDA14B000A0011 /* Build configuration list for PBXNativeTarget "Core Data" */ = {
			isa = XCConfigurationList;
			buildConfigurations = (
				FAB4885A1CBDA14B000A0011 /* Debug */,
				FAB4885B1CBDA14B000A0011 /* Release */,
			);
			defaultConfigurationIsVisible = 0;
		};
/* End XCConfigurationList section */

/* Begin XCVersionGroup section */
		FAB4884E1CBDA14B000A0011 /* Core_Data.xcdatamodeld */ = {
			isa = XCVersionGroup;
			children = (
				FAB4884F1CBDA14B000A0011 /* Core_Data.xcdatamodel */,
			);
			currentVersion = FAB4884F1CBDA14B000A0011 /* Core_Data.xcdatamodel */;
			path = Core_Data.xcdatamodeld;
			sourceTree = "<group>";
			versionGroupType = wrapper.xcdatamodel;
		};
/* End XCVersionGroup section */
	};
	rootObject = FAB4883C1CBDA14A000A0011 /* Project object */;
}
